
Microsoft Visual Studio Solution File, Format Version 12.00
# Visual Studio Version 17
VisualStudioVersion = 17.8.34408.163
MinimumVisualStudioVersion = 10.0.40219.1
Project("{FAE04EC0-301F-11D3-BF4B-00C04F79EFBC}") = "MagicTown_TownAPI", "MagicTown_TownAPI\MagicTown_TownAPI.csproj", "{07B1B0AD-1EA1-4D5C-91DC-92318740BD26}"
EndProject
Global
	GlobalSection(SolutionConfigurationPlatforms) = preSolution
		Debug|Any CPU = Debug|Any CPU
		Release|Any CPU = Release|Any CPU
	EndGlobalSection
	GlobalSection(ProjectConfigurationPlatforms) = postSolution
		{07B1B0AD-1EA1-4D5C-91DC-92318740BD26}.Debug|Any CPU.ActiveCfg = Debug|Any CPU
		{07B1B0AD-1EA1-4D5C-91DC-92318740BD26}.Debug|Any CPU.Build.0 = Debug|Any CPU
		{07B1B0AD-1EA1-4D5C-91DC-92318740BD26}.Release|Any CPU.ActiveCfg = Release|Any CPU
		{07B1B0AD-1EA1-4D5C-91DC-92318740BD26}.Release|Any CPU.Build.0 = Release|Any CPU
	EndGlobalSection
	GlobalSection(SolutionProperties) = preSolution
		HideSolutionNode = FALSE
	EndGlobalSection
	GlobalSection(ExtensibilityGlobals) = postSolution
		SolutionGuid = {8824A923-F383-4356-99CD-2FE6B2ED0B1C}
	EndGlobalSection
EndGlobal
